// !$*UTF8*$!
{
	archiveVersion = 1;
	classes = {
	};
	objectVersion = 46;
	objects = {

/* Begin PBXBuildFile section */
		D11005D81CB1E187002BBD90 /* Bolts.framework in Frameworks */ = {isa = PBXBuildFile; fileRef = D11005D71CB1E187002BBD90 /* Bolts.framework */; };
		D11005DA1CB1E18F002BBD90 /* ParseUI.framework in Frameworks */ = {isa = PBXBuildFile; fileRef = D11005D91CB1E18F002BBD90 /* ParseUI.framework */; };
		D11005E51CB1E205002BBD90 /* AudioToolbox.framework in Frameworks */ = {isa = PBXBuildFile; fileRef = D11005DB1CB1E205002BBD90 /* AudioToolbox.framework */; };
		D11005E61CB1E205002BBD90 /* CFNetwork.framework in Frameworks */ = {isa = PBXBuildFile; fileRef = D11005DC1CB1E205002BBD90 /* CFNetwork.framework */; };
		D11005E71CB1E205002BBD90 /* CoreGraphics.framework in Frameworks */ = {isa = PBXBuildFile; fileRef = D11005DD1CB1E205002BBD90 /* CoreGraphics.framework */; };
		D11005E81CB1E205002BBD90 /* CoreLocation.framework in Frameworks */ = {isa = PBXBuildFile; fileRef = D11005DE1CB1E205002BBD90 /* CoreLocation.framework */; };
		D11005E91CB1E205002BBD90 /* libsqlite3.tbd in Frameworks */ = {isa = PBXBuildFile; fileRef = D11005DF1CB1E205002BBD90 /* libsqlite3.tbd */; };
		D11005EA1CB1E205002BBD90 /* libz.tbd in Frameworks */ = {isa = PBXBuildFile; fileRef = D11005E01CB1E205002BBD90 /* libz.tbd */; };
		D11005EB1CB1E205002BBD90 /* QuartzCore.framework in Frameworks */ = {isa = PBXBuildFile; fileRef = D11005E11CB1E205002BBD90 /* QuartzCore.framework */; };
		D11005EC1CB1E205002BBD90 /* Security.framework in Frameworks */ = {isa = PBXBuildFile; fileRef = D11005E21CB1E205002BBD90 /* Security.framework */; };
		D11005ED1CB1E205002BBD90 /* StoreKit.framework in Frameworks */ = {isa = PBXBuildFile; fileRef = D11005E31CB1E205002BBD90 /* StoreKit.framework */; };
		D11005EE1CB1E205002BBD90 /* SystemConfiguration.framework in Frameworks */ = {isa = PBXBuildFile; fileRef = D11005E41CB1E205002BBD90 /* SystemConfiguration.framework */; };
		D165DE741CA9B03300BC6113 /* FBSDKCoreKit.framework in Frameworks */ = {isa = PBXBuildFile; fileRef = D165DE731CA9B03300BC6113 /* FBSDKCoreKit.framework */; };
		D165DE781CA9B03F00BC6113 /* FBSDKLoginKit.framework in Frameworks */ = {isa = PBXBuildFile; fileRef = D165DE751CA9B03F00BC6113 /* FBSDKLoginKit.framework */; };
		D165DE791CA9B03F00BC6113 /* FBSDKShareKit.framework in Frameworks */ = {isa = PBXBuildFile; fileRef = D165DE761CA9B03F00BC6113 /* FBSDKShareKit.framework */; };
		D165DE7A1CA9B03F00BC6113 /* Parse.framework in Frameworks */ = {isa = PBXBuildFile; fileRef = D165DE771CA9B03F00BC6113 /* Parse.framework */; };
		D1F6AE471CA896B0002CC2BA /* AppDelegate.swift in Sources */ = {isa = PBXBuildFile; fileRef = D1F6AE461CA896B0002CC2BA /* AppDelegate.swift */; };
		D1F6AE491CA896B0002CC2BA /* MainViewController.swift in Sources */ = {isa = PBXBuildFile; fileRef = D1F6AE481CA896B0002CC2BA /* MainViewController.swift */; };
		D1F6AE4C1CA896B0002CC2BA /* Main.storyboard in Resources */ = {isa = PBXBuildFile; fileRef = D1F6AE4A1CA896B0002CC2BA /* Main.storyboard */; };
		D1F6AE4E1CA896B0002CC2BA /* Assets.xcassets in Resources */ = {isa = PBXBuildFile; fileRef = D1F6AE4D1CA896B0002CC2BA /* Assets.xcassets */; };
		D1F6AE511CA896B0002CC2BA /* LaunchScreen.storyboard in Resources */ = {isa = PBXBuildFile; fileRef = D1F6AE4F1CA896B0002CC2BA /* LaunchScreen.storyboard */; };
		D1F6AE5C1CA896B0002CC2BA /* CommutHerTests.swift in Sources */ = {isa = PBXBuildFile; fileRef = D1F6AE5B1CA896B0002CC2BA /* CommutHerTests.swift */; };
		D1F6AE671CA896B0002CC2BA /* CommutHerUITests.swift in Sources */ = {isa = PBXBuildFile; fileRef = D1F6AE661CA896B0002CC2BA /* CommutHerUITests.swift */; };
		D1F6AE751CA8B0F1002CC2BA /* MapKit.framework in Frameworks */ = {isa = PBXBuildFile; fileRef = D1F6AE741CA8B0F1002CC2BA /* MapKit.framework */; };
		D1F6AE771CA8B2C6002CC2BA /* ProfileController.swift in Sources */ = {isa = PBXBuildFile; fileRef = D1F6AE761CA8B2C6002CC2BA /* ProfileController.swift */; };
		D1F6AE791CA8B478002CC2BA /* VerificationViewController.swift in Sources */ = {isa = PBXBuildFile; fileRef = D1F6AE781CA8B478002CC2BA /* VerificationViewController.swift */; };
		D1FCA8951CB571670016E564 /* MapViewController.swift in Sources */ = {isa = PBXBuildFile; fileRef = D1FCA8941CB571670016E564 /* MapViewController.swift */; };
		D1FCA8971CB58B890016E564 /* Pin.swift in Sources */ = {isa = PBXBuildFile; fileRef = D1FCA8961CB58B890016E564 /* Pin.swift */; };
		D1FCA8991CB592450016E564 /* MapViewControl.swift in Sources */ = {isa = PBXBuildFile; fileRef = D1FCA8981CB592450016E564 /* MapViewControl.swift */; };
		D1FCA89D1CB5A83E0016E564 /* LoginViewController.swift in Sources */ = {isa = PBXBuildFile; fileRef = D1FCA89C1CB5A83E0016E564 /* LoginViewController.swift */; };
/* End PBXBuildFile section */

/* Begin PBXContainerItemProxy section */
		D1F6AE581CA896B0002CC2BA /* PBXContainerItemProxy */ = {
			isa = PBXContainerItemProxy;
			containerPortal = D1F6AE3B1CA896B0002CC2BA /* Project object */;
			proxyType = 1;
			remoteGlobalIDString = D1F6AE421CA896B0002CC2BA;
			remoteInfo = CommutHer;
		};
		D1F6AE631CA896B0002CC2BA /* PBXContainerItemProxy */ = {
			isa = PBXContainerItemProxy;
			containerPortal = D1F6AE3B1CA896B0002CC2BA /* Project object */;
			proxyType = 1;
			remoteGlobalIDString = D1F6AE421CA896B0002CC2BA;
			remoteInfo = CommutHer;
		};
/* End PBXContainerItemProxy section */

/* Begin PBXFileReference section */
		D11005D71CB1E187002BBD90 /* Bolts.framework */ = {isa = PBXFileReference; lastKnownFileType = wrapper.framework; path = Bolts.framework; sourceTree = "<group>"; };
		D11005D91CB1E18F002BBD90 /* ParseUI.framework */ = {isa = PBXFileReference; lastKnownFileType = wrapper.framework; path = ParseUI.framework; sourceTree = "<group>"; };
		D11005DB1CB1E205002BBD90 /* AudioToolbox.framework */ = {isa = PBXFileReference; lastKnownFileType = wrapper.framework; name = AudioToolbox.framework; path = System/Library/Frameworks/AudioToolbox.framework; sourceTree = SDKROOT; };
		D11005DC1CB1E205002BBD90 /* CFNetwork.framework */ = {isa = PBXFileReference; lastKnownFileType = wrapper.framework; name = CFNetwork.framework; path = System/Library/Frameworks/CFNetwork.framework; sourceTree = SDKROOT; };
		D11005DD1CB1E205002BBD90 /* CoreGraphics.framework */ = {isa = PBXFileReference; lastKnownFileType = wrapper.framework; name = CoreGraphics.framework; path = System/Library/Frameworks/CoreGraphics.framework; sourceTree = SDKROOT; };
		D11005DE1CB1E205002BBD90 /* CoreLocation.framework */ = {isa = PBXFileReference; lastKnownFileType = wrapper.framework; name = CoreLocation.framework; path = System/Library/Frameworks/CoreLocation.framework; sourceTree = SDKROOT; };
		D11005DF1CB1E205002BBD90 /* libsqlite3.tbd */ = {isa = PBXFileReference; lastKnownFileType = "sourcecode.text-based-dylib-definition"; name = libsqlite3.tbd; path = usr/lib/libsqlite3.tbd; sourceTree = SDKROOT; };
		D11005E01CB1E205002BBD90 /* libz.tbd */ = {isa = PBXFileReference; lastKnownFileType = "sourcecode.text-based-dylib-definition"; name = libz.tbd; path = usr/lib/libz.tbd; sourceTree = SDKROOT; };
		D11005E11CB1E205002BBD90 /* QuartzCore.framework */ = {isa = PBXFileReference; lastKnownFileType = wrapper.framework; name = QuartzCore.framework; path = System/Library/Frameworks/QuartzCore.framework; sourceTree = SDKROOT; };
		D11005E21CB1E205002BBD90 /* Security.framework */ = {isa = PBXFileReference; lastKnownFileType = wrapper.framework; name = Security.framework; path = System/Library/Frameworks/Security.framework; sourceTree = SDKROOT; };
		D11005E31CB1E205002BBD90 /* StoreKit.framework */ = {isa = PBXFileReference; lastKnownFileType = wrapper.framework; name = StoreKit.framework; path = System/Library/Frameworks/StoreKit.framework; sourceTree = SDKROOT; };
		D11005E41CB1E205002BBD90 /* SystemConfiguration.framework */ = {isa = PBXFileReference; lastKnownFileType = wrapper.framework; name = SystemConfiguration.framework; path = System/Library/Frameworks/SystemConfiguration.framework; sourceTree = SDKROOT; };
		D11005EF1CB1E3B6002BBD90 /* CommutHer-Bridging-Header.h */ = {isa = PBXFileReference; lastKnownFileType = sourcecode.c.h; path = "CommutHer-Bridging-Header.h"; sourceTree = "<group>"; };
		D11005F11CB1E3B6002BBD90 /* parse.h */ = {isa = PBXFileReference; fileEncoding = 4; lastKnownFileType = sourcecode.c.h; path = parse.h; sourceTree = "<group>"; };
		D165DE731CA9B03300BC6113 /* FBSDKCoreKit.framework */ = {isa = PBXFileReference; lastKnownFileType = wrapper.framework; path = FBSDKCoreKit.framework; sourceTree = "<group>"; };
		D165DE751CA9B03F00BC6113 /* FBSDKLoginKit.framework */ = {isa = PBXFileReference; lastKnownFileType = wrapper.framework; path = FBSDKLoginKit.framework; sourceTree = "<group>"; };
		D165DE761CA9B03F00BC6113 /* FBSDKShareKit.framework */ = {isa = PBXFileReference; lastKnownFileType = wrapper.framework; path = FBSDKShareKit.framework; sourceTree = "<group>"; };
		D165DE771CA9B03F00BC6113 /* Parse.framework */ = {isa = PBXFileReference; lastKnownFileType = wrapper.framework; path = Parse.framework; sourceTree = "<group>"; };
		D1F6AE431CA896B0002CC2BA /* CommutHer.app */ = {isa = PBXFileReference; explicitFileType = wrapper.application; includeInIndex = 0; path = CommutHer.app; sourceTree = BUILT_PRODUCTS_DIR; };
		D1F6AE461CA896B0002CC2BA /* AppDelegate.swift */ = {isa = PBXFileReference; lastKnownFileType = sourcecode.swift; path = AppDelegate.swift; sourceTree = "<group>"; };
		D1F6AE481CA896B0002CC2BA /* MainViewController.swift */ = {isa = PBXFileReference; lastKnownFileType = sourcecode.swift; path = MainViewController.swift; sourceTree = "<group>"; };
		D1F6AE4B1CA896B0002CC2BA /* Base */ = {isa = PBXFileReference; lastKnownFileType = file.storyboard; name = Base; path = Base.lproj/Main.storyboard; sourceTree = "<group>"; };
		D1F6AE4D1CA896B0002CC2BA /* Assets.xcassets */ = {isa = PBXFileReference; lastKnownFileType = folder.assetcatalog; path = Assets.xcassets; sourceTree = "<group>"; };
		D1F6AE501CA896B0002CC2BA /* Base */ = {isa = PBXFileReference; lastKnownFileType = file.storyboard; name = Base; path = Base.lproj/LaunchScreen.storyboard; sourceTree = "<group>"; };
		D1F6AE521CA896B0002CC2BA /* Info.plist */ = {isa = PBXFileReference; lastKnownFileType = text.plist.xml; path = Info.plist; sourceTree = "<group>"; };
		D1F6AE571CA896B0002CC2BA /* CommutHerTests.xctest */ = {isa = PBXFileReference; explicitFileType = wrapper.cfbundle; includeInIndex = 0; path = CommutHerTests.xctest; sourceTree = BUILT_PRODUCTS_DIR; };
		D1F6AE5B1CA896B0002CC2BA /* CommutHerTests.swift */ = {isa = PBXFileReference; lastKnownFileType = sourcecode.swift; path = CommutHerTests.swift; sourceTree = "<group>"; };
		D1F6AE5D1CA896B0002CC2BA /* Info.plist */ = {isa = PBXFileReference; lastKnownFileType = text.plist.xml; path = Info.plist; sourceTree = "<group>"; };
		D1F6AE621CA896B0002CC2BA /* CommutHerUITests.xctest */ = {isa = PBXFileReference; explicitFileType = wrapper.cfbundle; includeInIndex = 0; path = CommutHerUITests.xctest; sourceTree = BUILT_PRODUCTS_DIR; };
		D1F6AE661CA896B0002CC2BA /* CommutHerUITests.swift */ = {isa = PBXFileReference; lastKnownFileType = sourcecode.swift; path = CommutHerUITests.swift; sourceTree = "<group>"; };
		D1F6AE681CA896B1002CC2BA /* Info.plist */ = {isa = PBXFileReference; lastKnownFileType = text.plist.xml; path = Info.plist; sourceTree = "<group>"; };
		D1F6AE741CA8B0F1002CC2BA /* MapKit.framework */ = {isa = PBXFileReference; lastKnownFileType = wrapper.framework; name = MapKit.framework; path = System/Library/Frameworks/MapKit.framework; sourceTree = SDKROOT; };
		D1F6AE761CA8B2C6002CC2BA /* ProfileController.swift */ = {isa = PBXFileReference; fileEncoding = 4; lastKnownFileType = sourcecode.swift; path = ProfileController.swift; sourceTree = "<group>"; };
		D1F6AE781CA8B478002CC2BA /* VerificationViewController.swift */ = {isa = PBXFileReference; fileEncoding = 4; lastKnownFileType = sourcecode.swift; path = VerificationViewController.swift; sourceTree = "<group>"; };
		D1FCA8941CB571670016E564 /* MapViewController.swift */ = {isa = PBXFileReference; fileEncoding = 4; lastKnownFileType = sourcecode.swift; path = MapViewController.swift; sourceTree = "<group>"; };
		D1FCA8961CB58B890016E564 /* Pin.swift */ = {isa = PBXFileReference; fileEncoding = 4; lastKnownFileType = sourcecode.swift; path = Pin.swift; sourceTree = "<group>"; };
		D1FCA8981CB592450016E564 /* MapViewControl.swift */ = {isa = PBXFileReference; fileEncoding = 4; lastKnownFileType = sourcecode.swift; path = MapViewControl.swift; sourceTree = "<group>"; };
		D1FCA89C1CB5A83E0016E564 /* LoginViewController.swift */ = {isa = PBXFileReference; fileEncoding = 4; lastKnownFileType = sourcecode.swift; path = LoginViewController.swift; sourceTree = "<group>"; };
/* End PBXFileReference section */

/* Begin PBXFrameworksBuildPhase section */
		D1F6AE401CA896B0002CC2BA /* Frameworks */ = {
			isa = PBXFrameworksBuildPhase;
			buildActionMask = 2147483647;
			files = (
				D11005E51CB1E205002BBD90 /* AudioToolbox.framework in Frameworks */,
				D11005E61CB1E205002BBD90 /* CFNetwork.framework in Frameworks */,
				D11005E71CB1E205002BBD90 /* CoreGraphics.framework in Frameworks */,
				D11005E81CB1E205002BBD90 /* CoreLocation.framework in Frameworks */,
				D11005E91CB1E205002BBD90 /* libsqlite3.tbd in Frameworks */,
				D11005EA1CB1E205002BBD90 /* libz.tbd in Frameworks */,
				D11005EB1CB1E205002BBD90 /* QuartzCore.framework in Frameworks */,
				D11005EC1CB1E205002BBD90 /* Security.framework in Frameworks */,
				D11005ED1CB1E205002BBD90 /* StoreKit.framework in Frameworks */,
				D11005EE1CB1E205002BBD90 /* SystemConfiguration.framework in Frameworks */,
				D11005DA1CB1E18F002BBD90 /* ParseUI.framework in Frameworks */,
				D11005D81CB1E187002BBD90 /* Bolts.framework in Frameworks */,
				D165DE791CA9B03F00BC6113 /* FBSDKShareKit.framework in Frameworks */,
				D1F6AE751CA8B0F1002CC2BA /* MapKit.framework in Frameworks */,
				D165DE741CA9B03300BC6113 /* FBSDKCoreKit.framework in Frameworks */,
				D165DE781CA9B03F00BC6113 /* FBSDKLoginKit.framework in Frameworks */,
				D165DE7A1CA9B03F00BC6113 /* Parse.framework in Frameworks */,
			);
			runOnlyForDeploymentPostprocessing = 0;
		};
		D1F6AE541CA896B0002CC2BA /* Frameworks */ = {
			isa = PBXFrameworksBuildPhase;
			buildActionMask = 2147483647;
			files = (
			);
			runOnlyForDeploymentPostprocessing = 0;
		};
		D1F6AE5F1CA896B0002CC2BA /* Frameworks */ = {
			isa = PBXFrameworksBuildPhase;
			buildActionMask = 2147483647;
			files = (
			);
			runOnlyForDeploymentPostprocessing = 0;
		};
/* End PBXFrameworksBuildPhase section */

/* Begin PBXGroup section */
		D1F6AE3A1CA896B0002CC2BA = {
			isa = PBXGroup;
			children = (
				D11005DB1CB1E205002BBD90 /* AudioToolbox.framework */,
				D11005DC1CB1E205002BBD90 /* CFNetwork.framework */,
				D11005DD1CB1E205002BBD90 /* CoreGraphics.framework */,
				D11005DE1CB1E205002BBD90 /* CoreLocation.framework */,
				D11005DF1CB1E205002BBD90 /* libsqlite3.tbd */,
				D11005E01CB1E205002BBD90 /* libz.tbd */,
				D11005E11CB1E205002BBD90 /* QuartzCore.framework */,
				D11005E21CB1E205002BBD90 /* Security.framework */,
				D11005E31CB1E205002BBD90 /* StoreKit.framework */,
				D11005E41CB1E205002BBD90 /* SystemConfiguration.framework */,
				D11005D91CB1E18F002BBD90 /* ParseUI.framework */,
				D11005D71CB1E187002BBD90 /* Bolts.framework */,
				D165DE751CA9B03F00BC6113 /* FBSDKLoginKit.framework */,
				D165DE761CA9B03F00BC6113 /* FBSDKShareKit.framework */,
				D165DE771CA9B03F00BC6113 /* Parse.framework */,
				D165DE731CA9B03300BC6113 /* FBSDKCoreKit.framework */,
				D1F6AE741CA8B0F1002CC2BA /* MapKit.framework */,
				D1F6AE451CA896B0002CC2BA /* CommutHer */,
				D1F6AE5A1CA896B0002CC2BA /* CommutHerTests */,
				D1F6AE651CA896B0002CC2BA /* CommutHerUITests */,
				D1F6AE441CA896B0002CC2BA /* Products */,
			);
			sourceTree = "<group>";
		};
		D1F6AE441CA896B0002CC2BA /* Products */ = {
			isa = PBXGroup;
			children = (
				D1F6AE431CA896B0002CC2BA /* CommutHer.app */,
				D1F6AE571CA896B0002CC2BA /* CommutHerTests.xctest */,
				D1F6AE621CA896B0002CC2BA /* CommutHerUITests.xctest */,
			);
			name = Products;
			sourceTree = "<group>";
		};
		D1F6AE451CA896B0002CC2BA /* CommutHer */ = {
			isa = PBXGroup;
			children = (
				D1FCA89C1CB5A83E0016E564 /* LoginViewController.swift */,
				D1F6AE781CA8B478002CC2BA /* VerificationViewController.swift */,
				D1FCA8941CB571670016E564 /* MapViewController.swift */,
				D1FCA8961CB58B890016E564 /* Pin.swift */,
				D1FCA8981CB592450016E564 /* MapViewControl.swift */,
				D1F6AE761CA8B2C6002CC2BA /* ProfileController.swift */,
				D11005F11CB1E3B6002BBD90 /* parse.h */,
				D11005EF1CB1E3B6002BBD90 /* CommutHer-Bridging-Header.h */,
				D1F6AE461CA896B0002CC2BA /* AppDelegate.swift */,
				D1F6AE481CA896B0002CC2BA /* MainViewController.swift */,
				D1F6AE4A1CA896B0002CC2BA /* Main.storyboard */,
				D1F6AE4F1CA896B0002CC2BA /* LaunchScreen.storyboard */,
				D1F6AE521CA896B0002CC2BA /* Info.plist */,
				D1F6AE4D1CA896B0002CC2BA /* Assets.xcassets */,
			);
			path = CommutHer;
			sourceTree = "<group>";
		};
		D1F6AE5A1CA896B0002CC2BA /* CommutHerTests */ = {
			isa = PBXGroup;
			children = (
				D1F6AE5B1CA896B0002CC2BA /* CommutHerTests.swift */,
				D1F6AE5D1CA896B0002CC2BA /* Info.plist */,
			);
			path = CommutHerTests;
			sourceTree = "<group>";
		};
		D1F6AE651CA896B0002CC2BA /* CommutHerUITests */ = {
			isa = PBXGroup;
			children = (
				D1F6AE661CA896B0002CC2BA /* CommutHerUITests.swift */,
				D1F6AE681CA896B1002CC2BA /* Info.plist */,
			);
			path = CommutHerUITests;
			sourceTree = "<group>";
		};
/* End PBXGroup section */

/* Begin PBXNativeTarget section */
		D1F6AE421CA896B0002CC2BA /* CommutHer */ = {
			isa = PBXNativeTarget;
			buildConfigurationList = D1F6AE6B1CA896B1002CC2BA /* Build configuration list for PBXNativeTarget "CommutHer" */;
			buildPhases = (
				D1F6AE3F1CA896B0002CC2BA /* Sources */,
				D1F6AE401CA896B0002CC2BA /* Frameworks */,
				D1F6AE411CA896B0002CC2BA /* Resources */,
			);
			buildRules = (
			);
			dependencies = (
			);
			name = CommutHer;
			productName = CommutHer;
			productReference = D1F6AE431CA896B0002CC2BA /* CommutHer.app */;
			productType = "com.apple.product-type.application";
		};
		D1F6AE561CA896B0002CC2BA /* CommutHerTests */ = {
			isa = PBXNativeTarget;
			buildConfigurationList = D1F6AE6E1CA896B1002CC2BA /* Build configuration list for PBXNativeTarget "CommutHerTests" */;
			buildPhases = (
				D1F6AE531CA896B0002CC2BA /* Sources */,
				D1F6AE541CA896B0002CC2BA /* Frameworks */,
				D1F6AE551CA896B0002CC2BA /* Resources */,
			);
			buildRules = (
			);
			dependencies = (
				D1F6AE591CA896B0002CC2BA /* PBXTargetDependency */,
			);
			name = CommutHerTests;
			productName = CommutHerTests;
			productReference = D1F6AE571CA896B0002CC2BA /* CommutHerTests.xctest */;
			productType = "com.apple.product-type.bundle.unit-test";
		};
		D1F6AE611CA896B0002CC2BA /* CommutHerUITests */ = {
			isa = PBXNativeTarget;
			buildConfigurationList = D1F6AE711CA896B1002CC2BA /* Build configuration list for PBXNativeTarget "CommutHerUITests" */;
			buildPhases = (
				D1F6AE5E1CA896B0002CC2BA /* Sources */,
				D1F6AE5F1CA896B0002CC2BA /* Frameworks */,
				D1F6AE601CA896B0002CC2BA /* Resources */,
			);
			buildRules = (
			);
			dependencies = (
				D1F6AE641CA896B0002CC2BA /* PBXTargetDependency */,
			);
			name = CommutHerUITests;
			productName = CommutHerUITests;
			productReference = D1F6AE621CA896B0002CC2BA /* CommutHerUITests.xctest */;
			productType = "com.apple.product-type.bundle.ui-testing";
		};
/* End PBXNativeTarget section */

/* Begin PBXProject section */
		D1F6AE3B1CA896B0002CC2BA /* Project object */ = {
			isa = PBXProject;
			attributes = {
				LastSwiftUpdateCheck = 0720;
				LastUpgradeCheck = 0720;
				ORGANIZATIONNAME = si363;
				TargetAttributes = {
					D1F6AE421CA896B0002CC2BA = {
						CreatedOnToolsVersion = 7.2.1;
					};
					D1F6AE561CA896B0002CC2BA = {
						CreatedOnToolsVersion = 7.2.1;
						TestTargetID = D1F6AE421CA896B0002CC2BA;
					};
					D1F6AE611CA896B0002CC2BA = {
						CreatedOnToolsVersion = 7.2.1;
						TestTargetID = D1F6AE421CA896B0002CC2BA;
					};
				};
			};
			buildConfigurationList = D1F6AE3E1CA896B0002CC2BA /* Build configuration list for PBXProject "CommutHer" */;
			compatibilityVersion = "Xcode 3.2";
			developmentRegion = English;
			hasScannedForEncodings = 0;
			knownRegions = (
				en,
				Base,
			);
			mainGroup = D1F6AE3A1CA896B0002CC2BA;
			productRefGroup = D1F6AE441CA896B0002CC2BA /* Products */;
			projectDirPath = "";
			projectRoot = "";
			targets = (
				D1F6AE421CA896B0002CC2BA /* CommutHer */,
				D1F6AE561CA896B0002CC2BA /* CommutHerTests */,
				D1F6AE611CA896B0002CC2BA /* CommutHerUITests */,
			);
		};
/* End PBXProject section */

/* Begin PBXResourcesBuildPhase section */
		D1F6AE411CA896B0002CC2BA /* Resources */ = {
			isa = PBXResourcesBuildPhase;
			buildActionMask = 2147483647;
			files = (
				D1F6AE511CA896B0002CC2BA /* LaunchScreen.storyboard in Resources */,
				D1F6AE4E1CA896B0002CC2BA /* Assets.xcassets in Resources */,
				D1F6AE4C1CA896B0002CC2BA /* Main.storyboard in Resources */,
			);
			runOnlyForDeploymentPostprocessing = 0;
		};
		D1F6AE551CA896B0002CC2BA /* Resources */ = {
			isa = PBXResourcesBuildPhase;
			buildActionMask = 2147483647;
			files = (
			);
			runOnlyForDeploymentPostprocessing = 0;
		};
		D1F6AE601CA896B0002CC2BA /* Resources */ = {
			isa = PBXResourcesBuildPhase;
			buildActionMask = 2147483647;
			files = (
			);
			runOnlyForDeploymentPostprocessing = 0;
		};
/* End PBXResourcesBuildPhase section */

/* Begin PBXSourcesBuildPhase section */
		D1F6AE3F1CA896B0002CC2BA /* Sources */ = {
			isa = PBXSourcesBuildPhase;
			buildActionMask = 2147483647;
			files = (
				D1F6AE491CA896B0002CC2BA /* MainViewController.swift in Sources */,
				D1F6AE471CA896B0002CC2BA /* AppDelegate.swift in Sources */,
				D1F6AE791CA8B478002CC2BA /* VerificationViewController.swift in Sources */,
				D1FCA8971CB58B890016E564 /* Pin.swift in Sources */,
				D1FCA89D1CB5A83E0016E564 /* LoginViewController.swift in Sources */,
				D1FCA8951CB571670016E564 /* MapViewController.swift in Sources */,
				D1F6AE771CA8B2C6002CC2BA /* ProfileController.swift in Sources */,
				D1FCA8991CB592450016E564 /* MapViewControl.swift in Sources */,
			);
			runOnlyForDeploymentPostprocessing = 0;
		};
		D1F6AE531CA896B0002CC2BA /* Sources */ = {
			isa = PBXSourcesBuildPhase;
			buildActionMask = 2147483647;
			files = (
				D1F6AE5C1CA896B0002CC2BA /* CommutHerTests.swift in Sources */,
			);
			runOnlyForDeploymentPostprocessing = 0;
		};
		D1F6AE5E1CA896B0002CC2BA /* Sources */ = {
			isa = PBXSourcesBuildPhase;
			buildActionMask = 2147483647;
			files = (
				D1F6AE671CA896B0002CC2BA /* CommutHerUITests.swift in Sources */,
			);
			runOnlyForDeploymentPostprocessing = 0;
		};
/* End PBXSourcesBuildPhase section */

/* Begin PBXTargetDependency section */
		D1F6AE591CA896B0002CC2BA /* PBXTargetDependency */ = {
			isa = PBXTargetDependency;
			target = D1F6AE421CA896B0002CC2BA /* CommutHer */;
			targetProxy = D1F6AE581CA896B0002CC2BA /* PBXContainerItemProxy */;
		};
		D1F6AE641CA896B0002CC2BA /* PBXTargetDependency */ = {
			isa = PBXTargetDependency;
			target = D1F6AE421CA896B0002CC2BA /* CommutHer */;
			targetProxy = D1F6AE631CA896B0002CC2BA /* PBXContainerItemProxy */;
		};
/* End PBXTargetDependency section */

/* Begin PBXVariantGroup section */
		D1F6AE4A1CA896B0002CC2BA /* Main.storyboard */ = {
			isa = PBXVariantGroup;
			children = (
				D1F6AE4B1CA896B0002CC2BA /* Base */,
			);
			name = Main.storyboard;
			sourceTree = "<group>";
		};
		D1F6AE4F1CA896B0002CC2BA /* LaunchScreen.storyboard */ = {
			isa = PBXVariantGroup;
			children = (
				D1F6AE501CA896B0002CC2BA /* Base */,
			);
			name = LaunchScreen.storyboard;
			sourceTree = "<group>";
		};
/* End PBXVariantGroup section */

/* Begin XCBuildConfiguration section */
		D1F6AE691CA896B1002CC2BA /* Debug */ = {
			isa = XCBuildConfiguration;
			buildSettings = {
				ALWAYS_SEARCH_USER_PATHS = NO;
				CLANG_CXX_LANGUAGE_STANDARD = "gnu++0x";
				CLANG_CXX_LIBRARY = "libc++";
				CLANG_ENABLE_MODULES = YES;
				CLANG_ENABLE_OBJC_ARC = YES;
				CLANG_WARN_BOOL_CONVERSION = YES;
				CLANG_WARN_CONSTANT_CONVERSION = YES;
				CLANG_WARN_DIRECT_OBJC_ISA_USAGE = YES_ERROR;
				CLANG_WARN_EMPTY_BODY = YES;
				CLANG_WARN_ENUM_CONVERSION = YES;
				CLANG_WARN_INT_CONVERSION = YES;
				CLANG_WARN_OBJC_ROOT_CLASS = YES_ERROR;
				CLANG_WARN_UNREACHABLE_CODE = YES;
				CLANG_WARN__DUPLICATE_METHOD_MATCH = YES;
				"CODE_SIGN_IDENTITY[sdk=iphoneos*]" = "iPhone Developer";
				COPY_PHASE_STRIP = NO;
				DEBUG_INFORMATION_FORMAT = dwarf;
				ENABLE_STRICT_OBJC_MSGSEND = YES;
				ENABLE_TESTABILITY = YES;
				GCC_C_LANGUAGE_STANDARD = gnu99;
				GCC_DYNAMIC_NO_PIC = NO;
				GCC_NO_COMMON_BLOCKS = YES;
				GCC_OPTIMIZATION_LEVEL = 0;
				GCC_PREPROCESSOR_DEFINITIONS = (
					"DEBUG=1",
					"$(inherited)",
				);
				GCC_WARN_64_TO_32_BIT_CONVERSION = YES;
				GCC_WARN_ABOUT_RETURN_TYPE = YES_ERROR;
				GCC_WARN_UNDECLARED_SELECTOR = YES;
				GCC_WARN_UNINITIALIZED_AUTOS = YES_AGGRESSIVE;
				GCC_WARN_UNUSED_FUNCTION = YES;
				GCC_WARN_UNUSED_VARIABLE = YES;
				IPHONEOS_DEPLOYMENT_TARGET = 9.2;
				MTL_ENABLE_DEBUG_INFO = YES;
				ONLY_ACTIVE_ARCH = YES;
				SDKROOT = iphoneos;
				SWIFT_OPTIMIZATION_LEVEL = "-Onone";
			};
			name = Debug;
		};
		D1F6AE6A1CA896B1002CC2BA /* Release */ = {
			isa = XCBuildConfiguration;
			buildSettings = {
				ALWAYS_SEARCH_USER_PATHS = NO;
				CLANG_CXX_LANGUAGE_STANDARD = "gnu++0x";
				CLANG_CXX_LIBRARY = "libc++";
				CLANG_ENABLE_MODULES = YES;
				CLANG_ENABLE_OBJC_ARC = YES;
				CLANG_WARN_BOOL_CONVERSION = YES;
				CLANG_WARN_CONSTANT_CONVERSION = YES;
				CLANG_WARN_DIRECT_OBJC_ISA_USAGE = YES_ERROR;
				CLANG_WARN_EMPTY_BODY = YES;
				CLANG_WARN_ENUM_CONVERSION = YES;
				CLANG_WARN_INT_CONVERSION = YES;
				CLANG_WARN_OBJC_ROOT_CLASS = YES_ERROR;
				CLANG_WARN_UNREACHABLE_CODE = YES;
				CLANG_WARN__DUPLICATE_METHOD_MATCH = YES;
				"CODE_SIGN_IDENTITY[sdk=iphoneos*]" = "iPhone Developer";
				COPY_PHASE_STRIP = NO;
				DEBUG_INFORMATION_FORMAT = "dwarf-with-dsym";
				ENABLE_NS_ASSERTIONS = NO;
				ENABLE_STRICT_OBJC_MSGSEND = YES;
				GCC_C_LANGUAGE_STANDARD = gnu99;
				GCC_NO_COMMON_BLOCKS = YES;
				GCC_WARN_64_TO_32_BIT_CONVERSION = YES;
				GCC_WARN_ABOUT_RETURN_TYPE = YES_ERROR;
				GCC_WARN_UNDECLARED_SELECTOR = YES;
				GCC_WARN_UNINITIALIZED_AUTOS = YES_AGGRESSIVE;
				GCC_WARN_UNUSED_FUNCTION = YES;
				GCC_WARN_UNUSED_VARIABLE = YES;
				IPHONEOS_DEPLOYMENT_TARGET = 9.2;
				MTL_ENABLE_DEBUG_INFO = NO;
				SDKROOT = iphoneos;
				VALIDATE_PRODUCT = YES;
			};
			name = Release;
		};
		D1F6AE6C1CA896B1002CC2BA /* Debug */ = {
			isa = XCBuildConfiguration;
			buildSettings = {
				ASSETCATALOG_COMPILER_APPICON_NAME = AppIcon;
				CLANG_ENABLE_MODULES = YES;
				FRAMEWORK_SEARCH_PATHS = (
					"$(inherited)",
					"$(PROJECT_DIR)",
				);
				INFOPLIST_FILE = CommutHer/Info.plist;
				LD_RUNPATH_SEARCH_PATHS = "$(inherited) @executable_path/Frameworks";
				PRODUCT_BUNDLE_IDENTIFIER = com.si363.CommutHer;
				PRODUCT_NAME = "$(TARGET_NAME)";
				SWIFT_OBJC_BRIDGING_HEADER = "CommutHer/CommutHer-Bridging-Header.h";
				SWIFT_OPTIMIZATION_LEVEL = "-Onone";
			};
			name = Debug;
		};
		D1F6AE6D1CA896B1002CC2BA /* Release */ = {
			isa = XCBuildConfiguration;
			buildSettings = {
				ASSETCATALOG_COMPILER_APPICON_NAME = AppIcon;
				CLANG_ENABLE_MODULES = YES;
				FRAMEWORK_SEARCH_PATHS = (
					"$(inherited)",
					"$(PROJECT_DIR)",
				);
				INFOPLIST_FILE = CommutHer/Info.plist;
				LD_RUNPATH_SEARCH_PATHS = "$(inherited) @executable_path/Frameworks";
				PRODUCT_BUNDLE_IDENTIFIER = com.si363.CommutHer;
				PRODUCT_NAME = "$(TARGET_NAME)";
				SWIFT_OBJC_BRIDGING_HEADER = "CommutHer/CommutHer-Bridging-Header.h";
			};
			name = Release;
		};
		D1F6AE6F1CA896B1002CC2BA /* Debug */ = {
			isa = XCBuildConfiguration;
			buildSettings = {
				BUNDLE_LOADER = "$(TEST_HOST)";
				INFOPLIST_FILE = CommutHerTests/Info.plist;
				LD_RUNPATH_SEARCH_PATHS = "$(inherited) @executable_path/Frameworks @loader_path/Frameworks";
				PRODUCT_BUNDLE_IDENTIFIER = com.si363.CommutHerTests;
				PRODUCT_NAME = "$(TARGET_NAME)";
				TEST_HOST = "$(BUILT_PRODUCTS_DIR)/CommutHer.app/CommutHer";
			};
			name = Debug;
		};
		D1F6AE701CA896B1002CC2BA /* Release */ = {
			isa = XCBuildConfiguration;
			buildSettings = {
				BUNDLE_LOADER = "$(TEST_HOST)";
				INFOPLIST_FILE = CommutHerTests/Info.plist;
				LD_RUNPATH_SEARCH_PATHS = "$(inherited) @executable_path/Frameworks @loader_path/Frameworks";
				PRODUCT_BUNDLE_IDENTIFIER = com.si363.CommutHerTests;
				PRODUCT_NAME = "$(TARGET_NAME)";
				TEST_HOST = "$(BUILT_PRODUCTS_DIR)/CommutHer.app/CommutHer";
			};
			name = Release;
		};
		D1F6AE721CA896B1002CC2BA /* Debug */ = {
			isa = XCBuildConfiguration;
			buildSettings = {
				INFOPLIST_FILE = CommutHerUITests/Info.plist;
				LD_RUNPATH_SEARCH_PATHS = "$(inherited) @executable_path/Frameworks @loader_path/Frameworks";
				PRODUCT_BUNDLE_IDENTIFIER = com.si363.CommutHerUITests;
				PRODUCT_NAME = "$(TARGET_NAME)";
				TEST_TARGET_NAME = CommutHer;
				USES_XCTRUNNER = YES;
			};
			name = Debug;
		};
		D1F6AE731CA896B1002CC2BA /* Release */ = {
			isa = XCBuildConfiguration;
			buildSettings = {
				INFOPLIST_FILE = CommutHerUITests/Info.plist;
				LD_RUNPATH_SEARCH_PATHS = "$(inherited) @executable_path/Frameworks @loader_path/Frameworks";
				PRODUCT_BUNDLE_IDENTIFIER = com.si363.CommutHerUITests;
				PRODUCT_NAME = "$(TARGET_NAME)";
				TEST_TARGET_NAME = CommutHer;
				USES_XCTRUNNER = YES;
			};
			name = Release;
		};
/* End XCBuildConfiguration section */

/* Begin XCConfigurationList section */
		D1F6AE3E1CA896B0002CC2BA /* Build configuration list for PBXProject "CommutHer" */ = {
			isa = XCConfigurationList;
			buildConfigurations = (
				D1F6AE691CA896B1002CC2BA /* Debug */,
				D1F6AE6A1CA896B1002CC2BA /* Release */,
			);
			defaultConfigurationIsVisible = 0;
			defaultConfigurationName = Release;
		};
		D1F6AE6B1CA896B1002CC2BA /* Build configuration list for PBXNativeTarget "CommutHer" */ = {
			isa = XCConfigurationList;
			buildConfigurations = (
				D1F6AE6C1CA896B1002CC2BA /* Debug */,
				D1F6AE6D1CA896B1002CC2BA /* Release */,
			);
			defaultConfigurationIsVisible = 0;
			defaultConfigurationName = Release;
		};
		D1F6AE6E1CA896B1002CC2BA /* Build configuration list for PBXNativeTarget "CommutHerTests" */ = {
			isa = XCConfigurationList;
			buildConfigurations = (
				D1F6AE6F1CA896B1002CC2BA /* Debug */,
				D1F6AE701CA896B1002CC2BA /* Release */,
			);
			defaultConfigurationIsVisible = 0;
			defaultConfigurationName = Release;
		};
		D1F6AE711CA896B1002CC2BA /* Build configuration list for PBXNativeTarget "CommutHerUITests" */ = {
			isa = XCConfigurationList;
			buildConfigurations = (
				D1F6AE721CA896B1002CC2BA /* Debug */,
				D1F6AE731CA896B1002CC2BA /* Release */,
			);
			defaultConfigurationIsVisible = 0;
			defaultConfigurationName = Release;
		};
/* End XCConfigurationList section */
	};
	rootObject = D1F6AE3B1CA896B0002CC2BA /* Project object */;
}
